// !$*UTF8*$!
{
	archiveVersion = 1;
	classes = {
	};
	objectVersion = 56;
	objects = {

/* Begin PBXBuildFile section */
		EF89C4942BB6B65F00B5DD60 /* AppDelegate.swift in Sources */ = {isa = PBXBuildFile; fileRef = EF89C4932BB6B65F00B5DD60 /* AppDelegate.swift */; };
		EF89C4962BB6B65F00B5DD60 /* SceneDelegate.swift in Sources */ = {isa = PBXBuildFile; fileRef = EF89C4952BB6B65F00B5DD60 /* SceneDelegate.swift */; };
		EF89C4982BB6B65F00B5DD60 /* ViewController.swift in Sources */ = {isa = PBXBuildFile; fileRef = EF89C4972BB6B65F00B5DD60 /* ViewController.swift */; };
		EF89C49B2BB6B65F00B5DD60 /* Main.storyboard in Resources */ = {isa = PBXBuildFile; fileRef = EF89C4992BB6B65F00B5DD60 /* Main.storyboard */; };
		EF89C49D2BB6B66000B5DD60 /* Assets.xcassets in Resources */ = {isa = PBXBuildFile; fileRef = EF89C49C2BB6B66000B5DD60 /* Assets.xcassets */; };
		EF89C4A02BB6B66000B5DD60 /* LaunchScreen.storyboard in Resources */ = {isa = PBXBuildFile; fileRef = EF89C49E2BB6B66000B5DD60 /* LaunchScreen.storyboard */; };
		EF89C4AB2BB6B66000B5DD60 /* CardWorkoutTests.swift in Sources */ = {isa = PBXBuildFile; fileRef = EF89C4AA2BB6B66000B5DD60 /* CardWorkoutTests.swift */; };
		EF89C4B52BB6B66000B5DD60 /* CardWorkoutUITests.swift in Sources */ = {isa = PBXBuildFile; fileRef = EF89C4B42BB6B66000B5DD60 /* CardWorkoutUITests.swift */; };
		EF89C4B72BB6B66000B5DD60 /* CardWorkoutUITestsLaunchTests.swift in Sources */ = {isa = PBXBuildFile; fileRef = EF89C4B62BB6B66000B5DD60 /* CardWorkoutUITestsLaunchTests.swift */; };
/* End PBXBuildFile section */

/* Begin PBXContainerItemProxy section */
		EF89C4A72BB6B66000B5DD60 /* PBXContainerItemProxy */ = {
			isa = PBXContainerItemProxy;
			containerPortal = EF89C4882BB6B65F00B5DD60 /* Project object */;
			proxyType = 1;
			remoteGlobalIDString = EF89C48F2BB6B65F00B5DD60;
			remoteInfo = CardWorkout;
		};
		EF89C4B12BB6B66000B5DD60 /* PBXContainerItemProxy */ = {
			isa = PBXContainerItemProxy;
			containerPortal = EF89C4882BB6B65F00B5DD60 /* Project object */;
			proxyType = 1;
			remoteGlobalIDString = EF89C48F2BB6B65F00B5DD60;
			remoteInfo = CardWorkout;
		};
/* End PBXContainerItemProxy section */

/* Begin PBXFileReference section */
		EF89C4902BB6B65F00B5DD60 /* CardWorkout.app */ = {isa = PBXFileReference; explicitFileType = wrapper.application; includeInIndex = 0; path = CardWorkout.app; sourceTree = BUILT_PRODUCTS_DIR; };
		EF89C4932BB6B65F00B5DD60 /* AppDelegate.swift */ = {isa = PBXFileReference; lastKnownFileType = sourcecode.swift; path = AppDelegate.swift; sourceTree = "<group>"; };
		EF89C4952BB6B65F00B5DD60 /* SceneDelegate.swift */ = {isa = PBXFileReference; lastKnownFileType = sourcecode.swift; path = SceneDelegate.swift; sourceTree = "<group>"; };
		EF89C4972BB6B65F00B5DD60 /* ViewController.swift */ = {isa = PBXFileReference; lastKnownFileType = sourcecode.swift; path = ViewController.swift; sourceTree = "<group>"; };
		EF89C49A2BB6B65F00B5DD60 /* Base */ = {isa = PBXFileReference; lastKnownFileType = file.storyboard; name = Base; path = Base.lproj/Main.storyboard; sourceTree = "<group>"; };
		EF89C49C2BB6B66000B5DD60 /* Assets.xcassets */ = {isa = PBXFileReference; lastKnownFileType = folder.assetcatalog; path = Assets.xcassets; sourceTree = "<group>"; };
		EF89C49F2BB6B66000B5DD60 /* Base */ = {isa = PBXFileReference; lastKnownFileType = file.storyboard; name = Base; path = Base.lproj/LaunchScreen.storyboard; sourceTree = "<group>"; };
		EF89C4A12BB6B66000B5DD60 /* Info.plist */ = {isa = PBXFileReference; lastKnownFileType = text.plist.xml; path = Info.plist; sourceTree = "<group>"; };
		EF89C4A62BB6B66000B5DD60 /* CardWorkoutTests.xctest */ = {isa = PBXFileReference; explicitFileType = wrapper.cfbundle; includeInIndex = 0; path = CardWorkoutTests.xctest; sourceTree = BUILT_PRODUCTS_DIR; };
		EF89C4AA2BB6B66000B5DD60 /* CardWorkoutTests.swift */ = {isa = PBXFileReference; lastKnownFileType = sourcecode.swift; path = CardWorkoutTests.swift; sourceTree = "<group>"; };
		EF89C4B02BB6B66000B5DD60 /* CardWorkoutUITests.xctest */ = {isa = PBXFileReference; explicitFileType = wrapper.cfbundle; includeInIndex = 0; path = CardWorkoutUITests.xctest; sourceTree = BUILT_PRODUCTS_DIR; };
		EF89C4B42BB6B66000B5DD60 /* CardWorkoutUITests.swift */ = {isa = PBXFileReference; lastKnownFileType = sourcecode.swift; path = CardWorkoutUITests.swift; sourceTree = "<group>"; };
		EF89C4B62BB6B66000B5DD60 /* CardWorkoutUITestsLaunchTests.swift */ = {isa = PBXFileReference; lastKnownFileType = sourcecode.swift; path = CardWorkoutUITestsLaunchTests.swift; sourceTree = "<group>"; };
/* End PBXFileReference section */

/* Begin PBXFrameworksBuildPhase section */
		EF89C48D2BB6B65F00B5DD60 /* Frameworks */ = {
			isa = PBXFrameworksBuildPhase;
			buildActionMask = 2147483647;
			files = (
			);
			runOnlyForDeploymentPostprocessing = 0;
		};
		EF89C4A32BB6B66000B5DD60 /* Frameworks */ = {
			isa = PBXFrameworksBuildPhase;
			buildActionMask = 2147483647;
			files = (
			);
			runOnlyForDeploymentPostprocessing = 0;
		};
		EF89C4AD2BB6B66000B5DD60 /* Frameworks */ = {
			isa = PBXFrameworksBuildPhase;
			buildActionMask = 2147483647;
			files = (
			);
			runOnlyForDeploymentPostprocessing = 0;
		};
/* End PBXFrameworksBuildPhase section */

/* Begin PBXGroup section */
		EF89C4872BB6B65F00B5DD60 = {
			isa = PBXGroup;
			children = (
				EF89C4922BB6B65F00B5DD60 /* CardWorkout */,
				EF89C4A92BB6B66000B5DD60 /* CardWorkoutTests */,
				EF89C4B32BB6B66000B5DD60 /* CardWorkoutUITests */,
				EF89C4912BB6B65F00B5DD60 /* Products */,
			);
			sourceTree = "<group>";
		};
		EF89C4912BB6B65F00B5DD60 /* Products */ = {
			isa = PBXGroup;
			children = (
				EF89C4902BB6B65F00B5DD60 /* CardWorkout.app */,
				EF89C4A62BB6B66000B5DD60 /* CardWorkoutTests.xctest */,
				EF89C4B02BB6B66000B5DD60 /* CardWorkoutUITests.xctest */,
			);
			name = Products;
			sourceTree = "<group>";
		};
		EF89C4922BB6B65F00B5DD60 /* CardWorkout */ = {
			isa = PBXGroup;
			children = (
				EF89C4932BB6B65F00B5DD60 /* AppDelegate.swift */,
				EF89C4952BB6B65F00B5DD60 /* SceneDelegate.swift */,
				EF89C4972BB6B65F00B5DD60 /* ViewController.swift */,
				EF89C4992BB6B65F00B5DD60 /* Main.storyboard */,
				EF89C49C2BB6B66000B5DD60 /* Assets.xcassets */,
				EF89C49E2BB6B66000B5DD60 /* LaunchScreen.storyboard */,
				EF89C4A12BB6B66000B5DD60 /* Info.plist */,
			);
			path = CardWorkout;
			sourceTree = "<group>";
		};
		EF89C4A92BB6B66000B5DD60 /* CardWorkoutTests */ = {
			isa = PBXGroup;
			children = (
				EF89C4AA2BB6B66000B5DD60 /* CardWorkoutTests.swift */,
			);
			path = CardWorkoutTests;
			sourceTree = "<group>";
		};
		EF89C4B32BB6B66000B5DD60 /* CardWorkoutUITests */ = {
			isa = PBXGroup;
			children = (
				EF89C4B42BB6B66000B5DD60 /* CardWorkoutUITests.swift */,
				EF89C4B62BB6B66000B5DD60 /* CardWorkoutUITestsLaunchTests.swift */,
			);
			path = CardWorkoutUITests;
			sourceTree = "<group>";
		};
/* End PBXGroup section */

/* Begin PBXNativeTarget section */
		EF89C48F2BB6B65F00B5DD60 /* CardWorkout */ = {
			isa = PBXNativeTarget;
			buildConfigurationList = EF89C4BA2BB6B66000B5DD60 /* Build configuration list for PBXNativeTarget "CardWorkout" */;
			buildPhases = (
				EF89C48C2BB6B65F00B5DD60 /* Sources */,
				EF89C48D2BB6B65F00B5DD60 /* Frameworks */,
				EF89C48E2BB6B65F00B5DD60 /* Resources */,
			);
			buildRules = (
			);
			dependencies = (
			);
			name = CardWorkout;
			productName = CardWorkout;
			productReference = EF89C4902BB6B65F00B5DD60 /* CardWorkout.app */;
			productType = "com.apple.product-type.application";
		};
		EF89C4A52BB6B66000B5DD60 /* CardWorkoutTests */ = {
			isa = PBXNativeTarget;
			buildConfigurationList = EF89C4BD2BB6B66000B5DD60 /* Build configuration list for PBXNativeTarget "CardWorkoutTests" */;
			buildPhases = (
				EF89C4A22BB6B66000B5DD60 /* Sources */,
				EF89C4A32BB6B66000B5DD60 /* Frameworks */,
				EF89C4A42BB6B66000B5DD60 /* Resources */,
			);
			buildRules = (
			);
			dependencies = (
				EF89C4A82BB6B66000B5DD60 /* PBXTargetDependency */,
			);
			name = CardWorkoutTests;
			productName = CardWorkoutTests;
			productReference = EF89C4A62BB6B66000B5DD60 /* CardWorkoutTests.xctest */;
			productType = "com.apple.product-type.bundle.unit-test";
		};
		EF89C4AF2BB6B66000B5DD60 /* CardWorkoutUITests */ = {
			isa = PBXNativeTarget;
			buildConfigurationList = EF89C4C02BB6B66000B5DD60 /* Build configuration list for PBXNativeTarget "CardWorkoutUITests" */;
			buildPhases = (
				EF89C4AC2BB6B66000B5DD60 /* Sources */,
				EF89C4AD2BB6B66000B5DD60 /* Frameworks */,
				EF89C4AE2BB6B66000B5DD60 /* Resources */,
			);
			buildRules = (
			);
			dependencies = (
				EF89C4B22BB6B66000B5DD60 /* PBXTargetDependency */,
			);
			name = CardWorkoutUITests;
			productName = CardWorkoutUITests;
			productReference = EF89C4B02BB6B66000B5DD60 /* CardWorkoutUITests.xctest */;
			productType = "com.apple.product-type.bundle.ui-testing";
		};
/* End PBXNativeTarget section */

/* Begin PBXProject section */
		EF89C4882BB6B65F00B5DD60 /* Project object */ = {
			isa = PBXProject;
			attributes = {
				BuildIndependentTargetsInParallel = 1;
				LastSwiftUpdateCheck = 1520;
				LastUpgradeCheck = 1520;
				TargetAttributes = {
					EF89C48F2BB6B65F00B5DD60 = {
						CreatedOnToolsVersion = 15.2;
					};
					EF89C4A52BB6B66000B5DD60 = {
						CreatedOnToolsVersion = 15.2;
						TestTargetID = EF89C48F2BB6B65F00B5DD60;
					};
					EF89C4AF2BB6B66000B5DD60 = {
						CreatedOnToolsVersion = 15.2;
						TestTargetID = EF89C48F2BB6B65F00B5DD60;
					};
				};
			};
			buildConfigurationList = EF89C48B2BB6B65F00B5DD60 /* Build configuration list for PBXProject "CardWorkout" */;
			compatibilityVersion = "Xcode 14.0";
			developmentRegion = en;
			hasScannedForEncodings = 0;
			knownRegions = (
				en,
				Base,
			);
			mainGroup = EF89C4872BB6B65F00B5DD60;
			productRefGroup = EF89C4912BB6B65F00B5DD60 /* Products */;
			projectDirPath = "";
			projectRoot = "";
			targets = (
				EF89C48F2BB6B65F00B5DD60 /* CardWorkout */,
				EF89C4A52BB6B66000B5DD60 /* CardWorkoutTests */,
				EF89C4AF2BB6B66000B5DD60 /* CardWorkoutUITests */,
			);
		};
/* End PBXProject section */

/* Begin PBXResourcesBuildPhase section */
		EF89C48E2BB6B65F00B5DD60 /* Resources */ = {
			isa = PBXResourcesBuildPhase;
			buildActionMask = 2147483647;
			files = (
				EF89C4A02BB6B66000B5DD60 /* LaunchScreen.storyboard in Resources */,
				EF89C49D2BB6B66000B5DD60 /* Assets.xcassets in Resources */,
				EF89C49B2BB6B65F00B5DD60 /* Main.storyboard in Resources */,
			);
			runOnlyForDeploymentPostprocessing = 0;
		};
		EF89C4A42BB6B66000B5DD60 /* Resources */ = {
			isa = PBXResourcesBuildPhase;
			buildActionMask = 2147483647;
			files = (
			);
			runOnlyForDeploymentPostprocessing = 0;
		};
		EF89C4AE2BB6B66000B5DD60 /* Resources */ = {
			isa = PBXResourcesBuildPhase;
			buildActionMask = 2147483647;
			files = (
			);
			runOnlyForDeploymentPostprocessing = 0;
		};
/* End PBXResourcesBuildPhase section */

/* Begin PBXSourcesBuildPhase section */
		EF89C48C2BB6B65F00B5DD60 /* Sources */ = {
			isa = PBXSourcesBuildPhase;
			buildActionMask = 2147483647;
			files = (
				EF89C4982BB6B65F00B5DD60 /* ViewController.swift in Sources */,
				EF89C4942BB6B65F00B5DD60 /* AppDelegate.swift in Sources */,
				EF89C4962BB6B65F00B5DD60 /* SceneDelegate.swift in Sources */,
			);
			runOnlyForDeploymentPostprocessing = 0;
		};
		EF89C4A22BB6B66000B5DD60 /* Sources */ = {
			isa = PBXSourcesBuildPhase;
			buildActionMask = 2147483647;
			files = (
				EF89C4AB2BB6B66000B5DD60 /* CardWorkoutTests.swift in Sources */,
			);
			runOnlyForDeploymentPostprocessing = 0;
		};
		EF89C4AC2BB6B66000B5DD60 /* Sources */ = {
			isa = PBXSourcesBuildPhase;
			buildActionMask = 2147483647;
			files = (
				EF89C4B72BB6B66000B5DD60 /* CardWorkoutUITestsLaunchTests.swift in Sources */,
				EF89C4B52BB6B66000B5DD60 /* CardWorkoutUITests.swift in Sources */,
			);
			runOnlyForDeploymentPostprocessing = 0;
		};
/* End PBXSourcesBuildPhase section */

/* Begin PBXTargetDependency section */
		EF89C4A82BB6B66000B5DD60 /* PBXTargetDependency */ = {
			isa = PBXTargetDependency;
			target = EF89C48F2BB6B65F00B5DD60 /* CardWorkout */;
			targetProxy = EF89C4A72BB6B66000B5DD60 /* PBXContainerItemProxy */;
		};
		EF89C4B22BB6B66000B5DD60 /* PBXTargetDependency */ = {
			isa = PBXTargetDependency;
			target = EF89C48F2BB6B65F00B5DD60 /* CardWorkout */;
			targetProxy = EF89C4B12BB6B66000B5DD60 /* PBXContainerItemProxy */;
		};
/* End PBXTargetDependency section */

/* Begin PBXVariantGroup section */
		EF89C4992BB6B65F00B5DD60 /* Main.storyboard */ = {
			isa = PBXVariantGroup;
			children = (
				EF89C49A2BB6B65F00B5DD60 /* Base */,
			);
			name = Main.storyboard;
			sourceTree = "<group>";
		};
		EF89C49E2BB6B66000B5DD60 /* LaunchScreen.storyboard */ = {
			isa = PBXVariantGroup;
			children = (
				EF89C49F2BB6B66000B5DD60 /* Base */,
			);
			name = LaunchScreen.storyboard;
			sourceTree = "<group>";
		};
/* End PBXVariantGroup section */

/* Begin XCBuildConfiguration section */
		EF89C4B82BB6B66000B5DD60 /* Debug */ = {
			isa = XCBuildConfiguration;
			buildSettings = {
				ALWAYS_SEARCH_USER_PATHS = NO;
				ASSETCATALOG_COMPILER_GENERATE_SWIFT_ASSET_SYMBOL_EXTENSIONS = YES;
				CLANG_ANALYZER_NONNULL = YES;
				CLANG_ANALYZER_NUMBER_OBJECT_CONVERSION = YES_AGGRESSIVE;
				CLANG_CXX_LANGUAGE_STANDARD = "gnu++20";
				CLANG_ENABLE_MODULES = YES;
				CLANG_ENABLE_OBJC_ARC = YES;
				CLANG_ENABLE_OBJC_WEAK = YES;
				CLANG_WARN_BLOCK_CAPTURE_AUTORELEASING = YES;
				CLANG_WARN_BOOL_CONVERSION = YES;
				CLANG_WARN_COMMA = YES;
				CLANG_WARN_CONSTANT_CONVERSION = YES;
				CLANG_WARN_DEPRECATED_OBJC_IMPLEMENTATIONS = YES;
				CLANG_WARN_DIRECT_OBJC_ISA_USAGE = YES_ERROR;
				CLANG_WARN_DOCUMENTATION_COMMENTS = YES;
				CLANG_WARN_EMPTY_BODY = YES;
				CLANG_WARN_ENUM_CONVERSION = YES;
				CLANG_WARN_INFINITE_RECURSION = YES;
				CLANG_WARN_INT_CONVERSION = YES;
				CLANG_WARN_NON_LITERAL_NULL_CONVERSION = YES;
				CLANG_WARN_OBJC_IMPLICIT_RETAIN_SELF = YES;
				CLANG_WARN_OBJC_LITERAL_CONVERSION = YES;
				CLANG_WARN_OBJC_ROOT_CLASS = YES_ERROR;
				CLANG_WARN_QUOTED_INCLUDE_IN_FRAMEWORK_HEADER = YES;
				CLANG_WARN_RANGE_LOOP_ANALYSIS = YES;
				CLANG_WARN_STRICT_PROTOTYPES = YES;
				CLANG_WARN_SUSPICIOUS_MOVE = YES;
				CLANG_WARN_UNGUARDED_AVAILABILITY = YES_AGGRESSIVE;
				CLANG_WARN_UNREACHABLE_CODE = YES;
				CLANG_WARN__DUPLICATE_METHOD_MATCH = YES;
				COPY_PHASE_STRIP = NO;
				DEBUG_INFORMATION_FORMAT = dwarf;
				ENABLE_STRICT_OBJC_MSGSEND = YES;
				ENABLE_TESTABILITY = YES;
				ENABLE_USER_SCRIPT_SANDBOXING = YES;
				GCC_C_LANGUAGE_STANDARD = gnu17;
				GCC_DYNAMIC_NO_PIC = NO;
				GCC_NO_COMMON_BLOCKS = YES;
				GCC_OPTIMIZATION_LEVEL = 0;
				GCC_PREPROCESSOR_DEFINITIONS = (
					"DEBUG=1",
					"$(inherited)",
				);
				GCC_WARN_64_TO_32_BIT_CONVERSION = YES;
				GCC_WARN_ABOUT_RETURN_TYPE = YES_ERROR;
				GCC_WARN_UNDECLARED_SELECTOR = YES;
				GCC_WARN_UNINITIALIZED_AUTOS = YES_AGGRESSIVE;
				GCC_WARN_UNUSED_FUNCTION = YES;
				GCC_WARN_UNUSED_VARIABLE = YES;
				IPHONEOS_DEPLOYMENT_TARGET = 17.2;
				LOCALIZATION_PREFERS_STRING_CATALOGS = YES;
				MTL_ENABLE_DEBUG_INFO = INCLUDE_SOURCE;
				MTL_FAST_MATH = YES;
				ONLY_ACTIVE_ARCH = YES;
				SDKROOT = iphoneos;
				SWIFT_ACTIVE_COMPILATION_CONDITIONS = "DEBUG $(inherited)";
				SWIFT_OPTIMIZATION_LEVEL = "-Onone";
			};
			name = Debug;
		};
		EF89C4B92BB6B66000B5DD60 /* Release */ = {
			isa = XCBuildConfiguration;
			buildSettings = {
				ALWAYS_SEARCH_USER_PATHS = NO;
				ASSETCATALOG_COMPILER_GENERATE_SWIFT_ASSET_SYMBOL_EXTENSIONS = YES;
				CLANG_ANALYZER_NONNULL = YES;
				CLANG_ANALYZER_NUMBER_OBJECT_CONVERSION = YES_AGGRESSIVE;
				CLANG_CXX_LANGUAGE_STANDARD = "gnu++20";
				CLANG_ENABLE_MODULES = YES;
				CLANG_ENABLE_OBJC_ARC = YES;
				CLANG_ENABLE_OBJC_WEAK = YES;
				CLANG_WARN_BLOCK_CAPTURE_AUTORELEASING = YES;
				CLANG_WARN_BOOL_CONVERSION = YES;
				CLANG_WARN_COMMA = YES;
				CLANG_WARN_CONSTANT_CONVERSION = YES;
				CLANG_WARN_DEPRECATED_OBJC_IMPLEMENTATIONS = YES;
				CLANG_WARN_DIRECT_OBJC_ISA_USAGE = YES_ERROR;
				CLANG_WARN_DOCUMENTATION_COMMENTS = YES;
				CLANG_WARN_EMPTY_BODY = YES;
				CLANG_WARN_ENUM_CONVERSION = YES;
				CLANG_WARN_INFINITE_RECURSION = YES;
				CLANG_WARN_INT_CONVERSION = YES;
				CLANG_WARN_NON_LITERAL_NULL_CONVERSION = YES;
				CLANG_WARN_OBJC_IMPLICIT_RETAIN_SELF = YES;
				CLANG_WARN_OBJC_LITERAL_CONVERSION = YES;
				CLANG_WARN_OBJC_ROOT_CLASS = YES_ERROR;
				CLANG_WARN_QUOTED_INCLUDE_IN_FRAMEWORK_HEADER = YES;
				CLANG_WARN_RANGE_LOOP_ANALYSIS = YES;
				CLANG_WARN_STRICT_PROTOTYPES = YES;
				CLANG_WARN_SUSPICIOUS_MOVE = YES;
				CLANG_WARN_UNGUARDED_AVAILABILITY = YES_AGGRESSIVE;
				CLANG_WARN_UNREACHABLE_CODE = YES;
				CLANG_WARN__DUPLICATE_METHOD_MATCH = YES;
				COPY_PHASE_STRIP = NO;
				DEBUG_INFORMATION_FORMAT = "dwarf-with-dsym";
				ENABLE_NS_ASSERTIONS = NO;
				ENABLE_STRICT_OBJC_MSGSEND = YES;
				ENABLE_USER_SCRIPT_SANDBOXING = YES;
				GCC_C_LANGUAGE_STANDARD = gnu17;
				GCC_NO_COMMON_BLOCKS = YES;
				GCC_WARN_64_TO_32_BIT_CONVERSION = YES;
				GCC_WARN_ABOUT_RETURN_TYPE = YES_ERROR;
				GCC_WARN_UNDECLARED_SELECTOR = YES;
				GCC_WARN_UNINITIALIZED_AUTOS = YES_AGGRESSIVE;
				GCC_WARN_UNUSED_FUNCTION = YES;
				GCC_WARN_UNUSED_VARIABLE = YES;
				IPHONEOS_DEPLOYMENT_TARGET = 17.2;
				LOCALIZATION_PREFERS_STRING_CATALOGS = YES;
				MTL_ENABLE_DEBUG_INFO = NO;
				MTL_FAST_MATH = YES;
				SDKROOT = iphoneos;
				SWIFT_COMPILATION_MODE = wholemodule;
				VALIDATE_PRODUCT = YES;
			};
			name = Release;
		};
		EF89C4BB2BB6B66000B5DD60 /* Debug */ = {
			isa = XCBuildConfiguration;
			buildSettings = {
				ASSETCATALOG_COMPILER_APPICON_NAME = AppIcon;
				ASSETCATALOG_COMPILER_GLOBAL_ACCENT_COLOR_NAME = AccentColor;
				CODE_SIGN_STYLE = Automatic;
				CURRENT_PROJECT_VERSION = 1;
				GENERATE_INFOPLIST_FILE = YES;
				INFOPLIST_FILE = CardWorkout/Info.plist;
				INFOPLIST_KEY_UIApplicationSupportsIndirectInputEvents = YES;
				INFOPLIST_KEY_UILaunchStoryboardName = LaunchScreen;
				INFOPLIST_KEY_UIMainStoryboardFile = Main;
				INFOPLIST_KEY_UISupportedInterfaceOrientations_iPad = "UIInterfaceOrientationPortrait UIInterfaceOrientationPortraitUpsideDown UIInterfaceOrientationLandscapeLeft UIInterfaceOrientationLandscapeRight";
				INFOPLIST_KEY_UISupportedInterfaceOrientations_iPhone = "UIInterfaceOrientationPortrait UIInterfaceOrientationLandscapeLeft UIInterfaceOrientationLandscapeRight";
				LD_RUNPATH_SEARCH_PATHS = (
					"$(inherited)",
					"@executable_path/Frameworks",
				);
				MARKETING_VERSION = 1.0;
				PRODUCT_BUNDLE_IDENTIFIER = com.amit.CardWorkout;
				PRODUCT_NAME = "$(TARGET_NAME)";
				SWIFT_EMIT_LOC_STRINGS = YES;
				SWIFT_VERSION = 5.0;
				TARGETED_DEVICE_FAMILY = "1,2";
			};
			name = Debug;
		};
		EF89C4BC2BB6B66000B5DD60 /* Release */ = {
			isa = XCBuildConfiguration;
			buildSettings = {
				ASSETCATALOG_COMPILER_APPICON_NAME = AppIcon;
				ASSETCATALOG_COMPILER_GLOBAL_ACCENT_COLOR_NAME = AccentColor;
				CODE_SIGN_STYLE = Automatic;
				CURRENT_PROJECT_VERSION = 1;
				GENERATE_INFOPLIST_FILE = YES;
				INFOPLIST_FILE = CardWorkout/Info.plist;
				INFOPLIST_KEY_UIApplicationSupportsIndirectInputEvents = YES;
				INFOPLIST_KEY_UILaunchStoryboardName = LaunchScreen;
				INFOPLIST_KEY_UIMainStoryboardFile = Main;
				INFOPLIST_KEY_UISupportedInterfaceOrientations_iPad = "UIInterfaceOrientationPortrait UIInterfaceOrientationPortraitUpsideDown UIInterfaceOrientationLandscapeLeft UIInterfaceOrientationLandscapeRight";
				INFOPLIST_KEY_UISupportedInterfaceOrientations_iPhone = "UIInterfaceOrientationPortrait UIInterfaceOrientationLandscapeLeft UIInterfaceOrientationLandscapeRight";
				LD_RUNPATH_SEARCH_PATHS = (
					"$(inherited)",
					"@executable_path/Frameworks",
				);
				MARKETING_VERSION = 1.0;
				PRODUCT_BUNDLE_IDENTIFIER = com.amit.CardWorkout;
				PRODUCT_NAME = "$(TARGET_NAME)";
				SWIFT_EMIT_LOC_STRINGS = YES;
				SWIFT_VERSION = 5.0;
				TARGETED_DEVICE_FAMILY = "1,2";
			};
			name = Release;
		};
		EF89C4BE2BB6B66000B5DD60 /* Debug */ = {
			isa = XCBuildConfiguration;
			buildSettings = {
				ALWAYS_EMBED_SWIFT_STANDARD_LIBRARIES = YES;
				BUNDLE_LOADER = "$(TEST_HOST)";
				CODE_SIGN_STYLE = Automatic;
				CURRENT_PROJECT_VERSION = 1;
				GENERATE_INFOPLIST_FILE = YES;
				IPHONEOS_DEPLOYMENT_TARGET = 17.2;
				MARKETING_VERSION = 1.0;
				PRODUCT_BUNDLE_IDENTIFIER = com.amit.CardWorkoutTests;
				PRODUCT_NAME = "$(TARGET_NAME)";
				SWIFT_EMIT_LOC_STRINGS = NO;
				SWIFT_VERSION = 5.0;
				TARGETED_DEVICE_FAMILY = "1,2";
				TEST_HOST = "$(BUILT_PRODUCTS_DIR)/CardWorkout.app/$(BUNDLE_EXECUTABLE_FOLDER_PATH)/CardWorkout";
			};
			name = Debug;
		};
		EF89C4BF2BB6B66000B5DD60 /* Release */ = {
			isa = XCBuildConfiguration;
			buildSettings = {
				ALWAYS_EMBED_SWIFT_STANDARD_LIBRARIES = YES;
				BUNDLE_LOADER = "$(TEST_HOST)";
				CODE_SIGN_STYLE = Automatic;
				CURRENT_PROJECT_VERSION = 1;
				GENERATE_INFOPLIST_FILE = YES;
				IPHONEOS_DEPLOYMENT_TARGET = 17.2;
				MARKETING_VERSION = 1.0;
				PRODUCT_BUNDLE_IDENTIFIER = com.amit.CardWorkoutTests;
				PRODUCT_NAME = "$(TARGET_NAME)";
				SWIFT_EMIT_LOC_STRINGS = NO;
				SWIFT_VERSION = 5.0;
				TARGETED_DEVICE_FAMILY = "1,2";
				TEST_HOST = "$(BUILT_PRODUCTS_DIR)/CardWorkout.app/$(BUNDLE_EXECUTABLE_FOLDER_PATH)/CardWorkout";
			};
			name = Release;
		};
		EF89C4C12BB6B66000B5DD60 /* Debug */ = {
			isa = XCBuildConfiguration;
			buildSettings = {
				ALWAYS_EMBED_SWIFT_STANDARD_LIBRARIES = YES;
				CODE_SIGN_STYLE = Automatic;
				CURRENT_PROJECT_VERSION = 1;
				GENERATE_INFOPLIST_FILE = YES;
				MARKETING_VERSION = 1.0;
				PRODUCT_BUNDLE_IDENTIFIER = com.amit.CardWorkoutUITests;
				PRODUCT_NAME = "$(TARGET_NAME)";
				SWIFT_EMIT_LOC_STRINGS = NO;
				SWIFT_VERSION = 5.0;
				TARGETED_DEVICE_FAMILY = "1,2";
				TEST_TARGET_NAME = CardWorkout;
			};
			name = Debug;
		};
		EF89C4C22BB6B66000B5DD60 /* Release */ = {
			isa = XCBuildConfiguration;
			buildSettings = {
				ALWAYS_EMBED_SWIFT_STANDARD_LIBRARIES = YES;
				CODE_SIGN_STYLE = Automatic;
				CURRENT_PROJECT_VERSION = 1;
				GENERATE_INFOPLIST_FILE = YES;
				MARKETING_VERSION = 1.0;
				PRODUCT_BUNDLE_IDENTIFIER = com.amit.CardWorkoutUITests;
				PRODUCT_NAME = "$(TARGET_NAME)";
				SWIFT_EMIT_LOC_STRINGS = NO;
				SWIFT_VERSION = 5.0;
				TARGETED_DEVICE_FAMILY = "1,2";
				TEST_TARGET_NAME = CardWorkout;
			};
			name = Release;
		};
/* End XCBuildConfiguration section */

/* Begin XCConfigurationList section */
		EF89C48B2BB6B65F00B5DD60 /* Build configuration list for PBXProject "CardWorkout" */ = {
			isa = XCConfigurationList;
			buildConfigurations = (
				EF89C4B82BB6B66000B5DD60 /* Debug */,
				EF89C4B92BB6B66000B5DD60 /* Release */,
			);
			defaultConfigurationIsVisible = 0;
			defaultConfigurationName = Release;
		};
		EF89C4BA2BB6B66000B5DD60 /* Build configuration list for PBXNativeTarget "CardWorkout" */ = {
			isa = XCConfigurationList;
			buildConfigurations = (
				EF89C4BB2BB6B66000B5DD60 /* Debug */,
				EF89C4BC2BB6B66000B5DD60 /* Release */,
			);
			defaultConfigurationIsVisible = 0;
			defaultConfigurationName = Release;
		};
		EF89C4BD2BB6B66000B5DD60 /* Build configuration list for PBXNativeTarget "CardWorkoutTests" */ = {
			isa = XCConfigurationList;
			buildConfigurations = (
				EF89C4BE2BB6B66000B5DD60 /* Debug */,
				EF89C4BF2BB6B66000B5DD60 /* Release */,
			);
			defaultConfigurationIsVisible = 0;
			defaultConfigurationName = Release;
		};
		EF89C4C02BB6B66000B5DD60 /* Build configuration list for PBXNativeTarget "CardWorkoutUITests" */ = {
			isa = XCConfigurationList;
			buildConfigurations = (
				EF89C4C12BB6B66000B5DD60 /* Debug */,
				EF89C4C22BB6B66000B5DD60 /* Release */,
			);
			defaultConfigurationIsVisible = 0;
			defaultConfigurationName = Release;
		};
/* End XCConfigurationList section */
	};
	rootObject = EF89C4882BB6B65F00B5DD60 /* Project object */;
}
